
Microsoft Visual Studio Solution File, Format Version 12.00
# Visual Studio Version 16
VisualStudioVersion = 16.0.29806.167
MinimumVisualStudioVersion = 10.0.40219.1
Project("{FAE04EC0-301F-11D3-BF4B-00C04F79EFBC}") = "BotForBet", "BotForBet.csproj", "{EACB6907-70B8-44B6-B6B7-A91A4FA3A8DD}"
EndProject
Global
	GlobalSection(SolutionConfigurationPlatforms) = preSolution
		Debug|Any CPU = Debug|Any CPU
		Release|Any CPU = Release|Any CPU
	EndGlobalSection
	GlobalSection(ProjectConfigurationPlatforms) = postSolution
		{EACB6907-70B8-44B6-B6B7-A91A4FA3A8DD}.Debug|Any CPU.ActiveCfg = Debug|Any CPU
		{EACB6907-70B8-44B6-B6B7-A91A4FA3A8DD}.Debug|Any CPU.Build.0 = Debug|Any CPU
		{EACB6907-70B8-44B6-B6B7-A91A4FA3A8DD}.Release|Any CPU.ActiveCfg = Release|Any CPU
		{EACB6907-70B8-44B6-B6B7-A91A4FA3A8DD}.Release|Any CPU.Build.0 = Release|Any CPU
	EndGlobalSection
	GlobalSection(SolutionProperties) = preSolution
		HideSolutionNode = FALSE
	EndGlobalSection
	GlobalSection(ExtensibilityGlobals) = postSolution
		SolutionGuid = {560E0BCC-718C-4956-B5D7-35906D9945B1}
	EndGlobalSection
EndGlobal
